
Microsoft Visual Studio Solution File, Format Version 12.00
# Visual Studio Version 17
VisualStudioVersion = 17.6.33801.468
MinimumVisualStudioVersion = 10.0.40219.1
Project("{FAE04EC0-301F-11D3-BF4B-00C04F79EFBC}") = "JRPG-Project", "JRPG-Project\JRPG-Project.csproj", "{348D85AE-D66A-4C28-AEC2-86F2DB6864C5}"
EndProject
Project("{FAE04EC0-301F-11D3-BF4B-00C04F79EFBC}") = "JRPG-ClassLibrary", "JRPG-ClassLibrary\JRPG-ClassLibrary.csproj", "{C579F99B-9435-4405-ABCF-3C19AA678DBC}"
EndProject
Global
	GlobalSection(SolutionConfigurationPlatforms) = preSolution
		Debug|Any CPU = Debug|Any CPU
		Release|Any CPU = Release|Any CPU
	EndGlobalSection
	GlobalSection(ProjectConfigurationPlatforms) = postSolution
		{348D85AE-D66A-4C28-AEC2-86F2DB6864C5}.Debug|Any CPU.ActiveCfg = Debug|Any CPU
		{348D85AE-D66A-4C28-AEC2-86F2DB6864C5}.Debug|Any CPU.Build.0 = Debug|Any CPU
		{348D85AE-D66A-4C28-AEC2-86F2DB6864C5}.Release|Any CPU.ActiveCfg = Release|Any CPU
		{348D85AE-D66A-4C28-AEC2-86F2DB6864C5}.Release|Any CPU.Build.0 = Release|Any CPU
		{C579F99B-9435-4405-ABCF-3C19AA678DBC}.Debug|Any CPU.ActiveCfg = Debug|Any CPU
		{C579F99B-9435-4405-ABCF-3C19AA678DBC}.Debug|Any CPU.Build.0 = Debug|Any CPU
		{C579F99B-9435-4405-ABCF-3C19AA678DBC}.Release|Any CPU.ActiveCfg = Release|Any CPU
		{C579F99B-9435-4405-ABCF-3C19AA678DBC}.Release|Any CPU.Build.0 = Release|Any CPU
	EndGlobalSection
	GlobalSection(SolutionProperties) = preSolution
		HideSolutionNode = FALSE
	EndGlobalSection
	GlobalSection(ExtensibilityGlobals) = postSolution
		SolutionGuid = {39FDAE80-74B3-4120-B795-699A9A7BB524}
	EndGlobalSection
EndGlobal
